
Microsoft Visual Studio Solution File, Format Version 12.00
# Visual Studio Version 17
VisualStudioVersion = 17.12.35527.113
MinimumVisualStudioVersion = 10.0.40219.1
Project("{FAE04EC0-301F-11D3-BF4B-00C04F79EFBC}") = "Portal.Dev", "Portal\Portal.Dev.csproj", "{7D917AF5-8515-6780-55AE-28AEA58C3C4B}"
EndProject
Project("{2150E333-8FDC-42A3-9474-1A3956D46DE8}") = "Solution Items", "Solution Items", "{8EC462FD-D22E-90A8-E5CE-7E832BA40C5D}"
	ProjectSection(SolutionItems) = preProject
		.github\workflows\build.yml = .github\workflows\build.yml
	EndProjectSection
EndProject
Project("{2150E333-8FDC-42A3-9474-1A3956D46DE8}") = "Lib", "Lib", "{02EA681E-C7D8-13C7-8484-4AC65E1B71E8}"
EndProject
Project("{FAE04EC0-301F-11D3-BF4B-00C04F79EFBC}") = "CoreNET.Lib", "..\CoreNET.Blazor\CoreNET.Lib\CoreNET.Lib.csproj", "{146A5C77-0461-CFC8-639D-4F2DB4AEB4A2}"
EndProject
Project("{FAE04EC0-301F-11D3-BF4B-00C04F79EFBC}") = "CoreNET.Blazor.AppDrawer", "..\CoreNET.Blazor\CoreNET.Blazor.AppDrawer\CoreNET.Blazor.AppDrawer.csproj", "{91B89624-95B8-79C0-4489-02EE5169DAA7}"
EndProject
Project("{FAE04EC0-301F-11D3-BF4B-00C04F79EFBC}") = "CoreNET.Blazor.AppBar", "..\CoreNET.Blazor\CoreNET.Blazor.AppBar\CoreNET.Blazor.AppBar.csproj", "{ADA16E15-251A-3DE9-F703-3A9F1D81C658}"
EndProject
Project("{FAE04EC0-301F-11D3-BF4B-00C04F79EFBC}") = "CoreNET.Blazor.Shared", "..\CoreNET.Blazor\CoreNET.Blazor.Shared\CoreNET.Blazor.Shared.csproj", "{508F4AED-DA3B-10E0-5145-763D63F611D2}"
EndProject
Project("{FAE04EC0-301F-11D3-BF4B-00C04F79EFBC}") = "CoreNET.Blazor.Projects", "..\CoreNET.Blazor\CoreNET.Blazor.Projects\CoreNET.Blazor.Projects.csproj", "{DAE67885-A324-BB90-553F-A5EFC25A733C}"
EndProject
Global
	GlobalSection(SolutionConfigurationPlatforms) = preSolution
		Debug|Any CPU = Debug|Any CPU
		Release|Any CPU = Release|Any CPU
	EndGlobalSection
	GlobalSection(ProjectConfigurationPlatforms) = postSolution
		{7D917AF5-8515-6780-55AE-28AEA58C3C4B}.Debug|Any CPU.ActiveCfg = Debug|Any CPU
		{7D917AF5-8515-6780-55AE-28AEA58C3C4B}.Debug|Any CPU.Build.0 = Debug|Any CPU
		{7D917AF5-8515-6780-55AE-28AEA58C3C4B}.Release|Any CPU.ActiveCfg = Release|Any CPU
		{7D917AF5-8515-6780-55AE-28AEA58C3C4B}.Release|Any CPU.Build.0 = Release|Any CPU
		{146A5C77-0461-CFC8-639D-4F2DB4AEB4A2}.Debug|Any CPU.ActiveCfg = Debug|Any CPU
		{146A5C77-0461-CFC8-639D-4F2DB4AEB4A2}.Debug|Any CPU.Build.0 = Debug|Any CPU
		{146A5C77-0461-CFC8-639D-4F2DB4AEB4A2}.Release|Any CPU.ActiveCfg = Release|Any CPU
		{146A5C77-0461-CFC8-639D-4F2DB4AEB4A2}.Release|Any CPU.Build.0 = Release|Any CPU
		{91B89624-95B8-79C0-4489-02EE5169DAA7}.Debug|Any CPU.ActiveCfg = Debug|Any CPU
		{91B89624-95B8-79C0-4489-02EE5169DAA7}.Debug|Any CPU.Build.0 = Debug|Any CPU
		{91B89624-95B8-79C0-4489-02EE5169DAA7}.Release|Any CPU.ActiveCfg = Release|Any CPU
		{91B89624-95B8-79C0-4489-02EE5169DAA7}.Release|Any CPU.Build.0 = Release|Any CPU
		{ADA16E15-251A-3DE9-F703-3A9F1D81C658}.Debug|Any CPU.ActiveCfg = Debug|Any CPU
		{ADA16E15-251A-3DE9-F703-3A9F1D81C658}.Debug|Any CPU.Build.0 = Debug|Any CPU
		{ADA16E15-251A-3DE9-F703-3A9F1D81C658}.Release|Any CPU.ActiveCfg = Release|Any CPU
		{ADA16E15-251A-3DE9-F703-3A9F1D81C658}.Release|Any CPU.Build.0 = Release|Any CPU
		{508F4AED-DA3B-10E0-5145-763D63F611D2}.Debug|Any CPU.ActiveCfg = Debug|Any CPU
		{508F4AED-DA3B-10E0-5145-763D63F611D2}.Debug|Any CPU.Build.0 = Debug|Any CPU
		{508F4AED-DA3B-10E0-5145-763D63F611D2}.Release|Any CPU.ActiveCfg = Release|Any CPU
		{508F4AED-DA3B-10E0-5145-763D63F611D2}.Release|Any CPU.Build.0 = Release|Any CPU
		{DAE67885-A324-BB90-553F-A5EFC25A733C}.Debug|Any CPU.ActiveCfg = Debug|Any CPU
		{DAE67885-A324-BB90-553F-A5EFC25A733C}.Debug|Any CPU.Build.0 = Debug|Any CPU
		{DAE67885-A324-BB90-553F-A5EFC25A733C}.Release|Any CPU.ActiveCfg = Release|Any CPU
		{DAE67885-A324-BB90-553F-A5EFC25A733C}.Release|Any CPU.Build.0 = Release|Any CPU
	EndGlobalSection
	GlobalSection(SolutionProperties) = preSolution
		HideSolutionNode = FALSE
	EndGlobalSection
	GlobalSection(NestedProjects) = preSolution
		{146A5C77-0461-CFC8-639D-4F2DB4AEB4A2} = {02EA681E-C7D8-13C7-8484-4AC65E1B71E8}
		{91B89624-95B8-79C0-4489-02EE5169DAA7} = {02EA681E-C7D8-13C7-8484-4AC65E1B71E8}
		{ADA16E15-251A-3DE9-F703-3A9F1D81C658} = {02EA681E-C7D8-13C7-8484-4AC65E1B71E8}
		{508F4AED-DA3B-10E0-5145-763D63F611D2} = {02EA681E-C7D8-13C7-8484-4AC65E1B71E8}
		{DAE67885-A324-BB90-553F-A5EFC25A733C} = {02EA681E-C7D8-13C7-8484-4AC65E1B71E8}
	EndGlobalSection
	GlobalSection(ExtensibilityGlobals) = postSolution
		SolutionGuid = {F5CF735A-1E55-46B3-A2E8-8A86CAC75092}
	EndGlobalSection
EndGlobal
